
Microsoft Visual Studio Solution File, Format Version 12.00
# Visual Studio Version 17
VisualStudioVersion = 17.0.31903.59
MinimumVisualStudioVersion = 10.0.40219.1
Project("{2150E333-8FDC-42A3-9474-1A3956D46DE8}") = "services", "services", "{6B66033C-440C-40CE-8EFF-C90EA4BC85F4}"
EndProject
Project("{2150E333-8FDC-42A3-9474-1A3956D46DE8}") = "cs", "cs", "{6D1365B2-47F8-480E-9B3E-842D074C56EC}"
EndProject
Project("{FAE04EC0-301F-11D3-BF4B-00C04F79EFBC}") = "Server", "services\cs\Server\Server.csproj", "{10411E3A-963A-4599-9A94-0BC1FD422453}"
EndProject
Project("{2150E333-8FDC-42A3-9474-1A3956D46DE8}") = "packages", "packages", "{FA35593B-7934-4807-A7BE-2D8DD5038A83}"
EndProject
Project("{2150E333-8FDC-42A3-9474-1A3956D46DE8}") = "cs", "cs", "{8A44ABED-FF5C-4AA0-98DE-7468BA4CC85F}"
EndProject
Project("{FAE04EC0-301F-11D3-BF4B-00C04F79EFBC}") = "Common.Application", "packages\cs\Common.Application\Common.Application.csproj", "{1E0D5C19-C427-4C19-821C-FCBBCB7A60C7}"
EndProject
Project("{FAE04EC0-301F-11D3-BF4B-00C04F79EFBC}") = "Common.AspNetCore", "packages\cs\Common.AspNetCore\Common.AspNetCore.csproj", "{154E467B-CAE2-47F1-88F6-E131044EFD19}"
EndProject
Project("{FAE04EC0-301F-11D3-BF4B-00C04F79EFBC}") = "Common.Domain", "packages\cs\Common.Domain\Common.Domain.csproj", "{1738D425-5CDA-41EF-B14F-E7458F3E5193}"
EndProject
Project("{FAE04EC0-301F-11D3-BF4B-00C04F79EFBC}") = "Common.Configuration", "packages\cs\Common.Configuration\Common.Configuration.csproj", "{AF2EBB84-4CB8-4834-94C5-A0E5BC273B92}"
EndProject
Project("{FAE04EC0-301F-11D3-BF4B-00C04F79EFBC}") = "Common.DataProtection", "packages\cs\Common.DataProtection\Common.DataProtection.csproj", "{FFBEB4F2-BDF1-4185-8C2D-4136D230EFD3}"
EndProject
Project("{FAE04EC0-301F-11D3-BF4B-00C04F79EFBC}") = "Common.DependencyInjection", "packages\cs\Common.DependencyInjection\Common.DependencyInjection.csproj", "{619ED7B7-C45E-4E42-B04B-75CB75551BBD}"
EndProject
Project("{FAE04EC0-301F-11D3-BF4B-00C04F79EFBC}") = "Common.Infrastructure.Persistence", "packages\cs\Common.Infrastructure.Persistence\Common.Infrastructure.Persistence.csproj", "{4FED037B-0563-4A27-AA0C-8C00E52CB124}"
EndProject
Project("{FAE04EC0-301F-11D3-BF4B-00C04F79EFBC}") = "Common.OpenApi", "packages\cs\Common.OpenApi\Common.OpenApi.csproj", "{82C2FE11-3E89-4F82-AF41-59B8F3222880}"
EndProject
Project("{FAE04EC0-301F-11D3-BF4B-00C04F79EFBC}") = "Common.S3", "packages\cs\Common.S3\Common.S3.csproj", "{38CB925E-B666-47B4-A63E-AE023EAA2861}"
EndProject
Project("{FAE04EC0-301F-11D3-BF4B-00C04F79EFBC}") = "Common.Utilities", "packages\cs\Common.Utilities\Common.Utilities.csproj", "{483FB5FA-2E8C-4295-9AED-A7901A4C543C}"
EndProject
Project("{FAE04EC0-301F-11D3-BF4B-00C04F79EFBC}") = "Common.Validation", "packages\cs\Common.Validation\Common.Validation.csproj", "{7710A217-03CF-4D65-A83D-8A0648B5C22A}"
EndProject
Project("{FAE04EC0-301F-11D3-BF4B-00C04F79EFBC}") = "WrapperGen", "packages\cs\WrapperGen\WrapperGen.csproj", "{34F05851-A691-4C8D-B630-F8B63F0C818F}"
EndProject
Project("{FAE04EC0-301F-11D3-BF4B-00C04F79EFBC}") = "WrapperGen.UnitTests", "packages\cs\WrapperGen.UnitTests\WrapperGen.UnitTests.csproj", "{A71C3607-D727-4346-989D-5DBCC3A93256}"
EndProject
Project("{FAE04EC0-301F-11D3-BF4B-00C04F79EFBC}") = "Snowflake", "packages\cs\Snowflake\Snowflake.csproj", "{9DB0CCA7-2D14-4312-A24A-A633C36CA541}"
EndProject
Project("{FAE04EC0-301F-11D3-BF4B-00C04F79EFBC}") = "Common.Infrastructure.Iot", "packages\cs\Common.Infrastructure.Iot\Common.Infrastructure.Iot.csproj", "{5E490FE4-6DA8-4FE5-B8FB-E0AD5F856008}"
EndProject
Project("{FAE04EC0-301F-11D3-BF4B-00C04F79EFBC}") = "RatDefender.Domain", "packages\cs\RatDefender.Domain\RatDefender.Domain.csproj", "{8661CC9A-8CD9-4A40-900D-054EC06D0B93}"
EndProject
Project("{FAE04EC0-301F-11D3-BF4B-00C04F79EFBC}") = "RatDefender.Application", "packages\cs\RatDefender.Application\RatDefender.Application.csproj", "{0D33614C-71E5-44BB-8307-A6075D62DC1C}"
EndProject
Project("{FAE04EC0-301F-11D3-BF4B-00C04F79EFBC}") = "RatDefender.AspNetCore", "packages\cs\RatDefender.AspNetCore\RatDefender.AspNetCore.csproj", "{8E770EBA-E529-489F-9B7C-16EB9F1F305C}"
EndProject
Project("{FAE04EC0-301F-11D3-BF4B-00C04F79EFBC}") = "RatDefender.DependencyInjection", "packages\cs\RatDefender.DependencyInjection\RatDefender.DependencyInjection.csproj", "{126F7179-DBDD-4563-99B5-BC567E2F5A81}"
EndProject
Project("{FAE04EC0-301F-11D3-BF4B-00C04F79EFBC}") = "RatDefender.Infrastructure.Persistence", "packages\cs\RatDefender.Infrastructure.Persistence\RatDefender.Infrastructure.Persistence.csproj", "{EE9D7EF2-9071-43F6-9473-6A7A28A4E25E}"
EndProject
Project("{FAE04EC0-301F-11D3-BF4B-00C04F79EFBC}") = "Common.Testing", "packages\cs\Common.Testing\Common.Testing.csproj", "{3560177B-8AE1-4C4B-95B5-FBAC336D61D5}"
EndProject
Project("{FAE04EC0-301F-11D3-BF4B-00C04F79EFBC}") = "Common.Testing.Unit", "packages\cs\Common.Testing.Unit\Common.Testing.Unit.csproj", "{323EBC4B-FC7C-49E1-830A-F5AA96D8059D}"
EndProject
Project("{FAE04EC0-301F-11D3-BF4B-00C04F79EFBC}") = "RatDefender.HostedServices", "packages\cs\RatDefender.HostedServices\RatDefender.HostedServices.csproj", "{3F41EB45-BE3B-4E69-A4B0-347171E4E14C}"
EndProject
Project("{FAE04EC0-301F-11D3-BF4B-00C04F79EFBC}") = "RatDefender.Infrastructure.ObjectDetection", "packages\cs\RatDefender.Infrastructure.ObjectDetection\RatDefender.Infrastructure.ObjectDetection.csproj", "{7689E818-1E18-4781-B86E-77760F33A9B3}"
EndProject
Project("{FAE04EC0-301F-11D3-BF4B-00C04F79EFBC}") = "RatDefender.Infrastructure.Iot", "packages\cs\RatDefender.Infrastructure.Iot\RatDefender.Infrastructure.Iot.csproj", "{FB415E5B-B341-47CD-811D-F2E1C52B4042}"
EndProject
Project("{FAE04EC0-301F-11D3-BF4B-00C04F79EFBC}") = "Common.HostedServices", "packages\cs\Common.HostedServices\Common.HostedServices.csproj", "{9F044913-CBA7-4136-82E4-F16C7BF0D190}"
EndProject
Project("{FAE04EC0-301F-11D3-BF4B-00C04F79EFBC}") = "RatDefender.Infrastructure.ObjectDetection.runtime.linux-x64", "packages\cs\RatDefender.Infrastructure.ObjectDetection.runtime.linux-x64\RatDefender.Infrastructure.ObjectDetection.runtime.linux-x64.csproj", "{E4033F45-8A1D-4EAC-913B-FF467C36E749}"
EndProject
Project("{FAE04EC0-301F-11D3-BF4B-00C04F79EFBC}") = "RatDefender.Infrastructure.ObjectDetection.runtime.linux-arm64", "packages\cs\RatDefender.Infrastructure.ObjectDetection.runtime.linux-arm64\RatDefender.Infrastructure.ObjectDetection.runtime.linux-arm64.csproj", "{BFA44867-FD62-4F55-B0AD-DAF645930364}"
EndProject
Global
	GlobalSection(SolutionConfigurationPlatforms) = preSolution
		Debug|Any CPU = Debug|Any CPU
		Release|Any CPU = Release|Any CPU
	EndGlobalSection
	GlobalSection(SolutionProperties) = preSolution
		HideSolutionNode = FALSE
	EndGlobalSection
	GlobalSection(ProjectConfigurationPlatforms) = postSolution
		{10411E3A-963A-4599-9A94-0BC1FD422453}.Debug|Any CPU.ActiveCfg = Debug|Any CPU
		{10411E3A-963A-4599-9A94-0BC1FD422453}.Debug|Any CPU.Build.0 = Debug|Any CPU
		{10411E3A-963A-4599-9A94-0BC1FD422453}.Release|Any CPU.ActiveCfg = Release|Any CPU
		{10411E3A-963A-4599-9A94-0BC1FD422453}.Release|Any CPU.Build.0 = Release|Any CPU
		{1E0D5C19-C427-4C19-821C-FCBBCB7A60C7}.Debug|Any CPU.ActiveCfg = Debug|Any CPU
		{1E0D5C19-C427-4C19-821C-FCBBCB7A60C7}.Debug|Any CPU.Build.0 = Debug|Any CPU
		{1E0D5C19-C427-4C19-821C-FCBBCB7A60C7}.Release|Any CPU.ActiveCfg = Release|Any CPU
		{1E0D5C19-C427-4C19-821C-FCBBCB7A60C7}.Release|Any CPU.Build.0 = Release|Any CPU
		{154E467B-CAE2-47F1-88F6-E131044EFD19}.Debug|Any CPU.ActiveCfg = Debug|Any CPU
		{154E467B-CAE2-47F1-88F6-E131044EFD19}.Debug|Any CPU.Build.0 = Debug|Any CPU
		{154E467B-CAE2-47F1-88F6-E131044EFD19}.Release|Any CPU.ActiveCfg = Release|Any CPU
		{154E467B-CAE2-47F1-88F6-E131044EFD19}.Release|Any CPU.Build.0 = Release|Any CPU
		{1738D425-5CDA-41EF-B14F-E7458F3E5193}.Debug|Any CPU.ActiveCfg = Debug|Any CPU
		{1738D425-5CDA-41EF-B14F-E7458F3E5193}.Debug|Any CPU.Build.0 = Debug|Any CPU
		{1738D425-5CDA-41EF-B14F-E7458F3E5193}.Release|Any CPU.ActiveCfg = Release|Any CPU
		{1738D425-5CDA-41EF-B14F-E7458F3E5193}.Release|Any CPU.Build.0 = Release|Any CPU
		{AF2EBB84-4CB8-4834-94C5-A0E5BC273B92}.Debug|Any CPU.ActiveCfg = Debug|Any CPU
		{AF2EBB84-4CB8-4834-94C5-A0E5BC273B92}.Debug|Any CPU.Build.0 = Debug|Any CPU
		{AF2EBB84-4CB8-4834-94C5-A0E5BC273B92}.Release|Any CPU.ActiveCfg = Release|Any CPU
		{AF2EBB84-4CB8-4834-94C5-A0E5BC273B92}.Release|Any CPU.Build.0 = Release|Any CPU
		{FFBEB4F2-BDF1-4185-8C2D-4136D230EFD3}.Debug|Any CPU.ActiveCfg = Debug|Any CPU
		{FFBEB4F2-BDF1-4185-8C2D-4136D230EFD3}.Debug|Any CPU.Build.0 = Debug|Any CPU
		{FFBEB4F2-BDF1-4185-8C2D-4136D230EFD3}.Release|Any CPU.ActiveCfg = Release|Any CPU
		{FFBEB4F2-BDF1-4185-8C2D-4136D230EFD3}.Release|Any CPU.Build.0 = Release|Any CPU
		{619ED7B7-C45E-4E42-B04B-75CB75551BBD}.Debug|Any CPU.ActiveCfg = Debug|Any CPU
		{619ED7B7-C45E-4E42-B04B-75CB75551BBD}.Debug|Any CPU.Build.0 = Debug|Any CPU
		{619ED7B7-C45E-4E42-B04B-75CB75551BBD}.Release|Any CPU.ActiveCfg = Release|Any CPU
		{619ED7B7-C45E-4E42-B04B-75CB75551BBD}.Release|Any CPU.Build.0 = Release|Any CPU
		{4FED037B-0563-4A27-AA0C-8C00E52CB124}.Debug|Any CPU.ActiveCfg = Debug|Any CPU
		{4FED037B-0563-4A27-AA0C-8C00E52CB124}.Debug|Any CPU.Build.0 = Debug|Any CPU
		{4FED037B-0563-4A27-AA0C-8C00E52CB124}.Release|Any CPU.ActiveCfg = Release|Any CPU
		{4FED037B-0563-4A27-AA0C-8C00E52CB124}.Release|Any CPU.Build.0 = Release|Any CPU
		{82C2FE11-3E89-4F82-AF41-59B8F3222880}.Debug|Any CPU.ActiveCfg = Debug|Any CPU
		{82C2FE11-3E89-4F82-AF41-59B8F3222880}.Debug|Any CPU.Build.0 = Debug|Any CPU
		{82C2FE11-3E89-4F82-AF41-59B8F3222880}.Release|Any CPU.ActiveCfg = Release|Any CPU
		{82C2FE11-3E89-4F82-AF41-59B8F3222880}.Release|Any CPU.Build.0 = Release|Any CPU
		{38CB925E-B666-47B4-A63E-AE023EAA2861}.Debug|Any CPU.ActiveCfg = Debug|Any CPU
		{38CB925E-B666-47B4-A63E-AE023EAA2861}.Debug|Any CPU.Build.0 = Debug|Any CPU
		{38CB925E-B666-47B4-A63E-AE023EAA2861}.Release|Any CPU.ActiveCfg = Release|Any CPU
		{38CB925E-B666-47B4-A63E-AE023EAA2861}.Release|Any CPU.Build.0 = Release|Any CPU
		{483FB5FA-2E8C-4295-9AED-A7901A4C543C}.Debug|Any CPU.ActiveCfg = Debug|Any CPU
		{483FB5FA-2E8C-4295-9AED-A7901A4C543C}.Debug|Any CPU.Build.0 = Debug|Any CPU
		{483FB5FA-2E8C-4295-9AED-A7901A4C543C}.Release|Any CPU.ActiveCfg = Release|Any CPU
		{483FB5FA-2E8C-4295-9AED-A7901A4C543C}.Release|Any CPU.Build.0 = Release|Any CPU
		{7710A217-03CF-4D65-A83D-8A0648B5C22A}.Debug|Any CPU.ActiveCfg = Debug|Any CPU
		{7710A217-03CF-4D65-A83D-8A0648B5C22A}.Debug|Any CPU.Build.0 = Debug|Any CPU
		{7710A217-03CF-4D65-A83D-8A0648B5C22A}.Release|Any CPU.ActiveCfg = Release|Any CPU
		{7710A217-03CF-4D65-A83D-8A0648B5C22A}.Release|Any CPU.Build.0 = Release|Any CPU
		{34F05851-A691-4C8D-B630-F8B63F0C818F}.Debug|Any CPU.ActiveCfg = Debug|Any CPU
		{34F05851-A691-4C8D-B630-F8B63F0C818F}.Debug|Any CPU.Build.0 = Debug|Any CPU
		{34F05851-A691-4C8D-B630-F8B63F0C818F}.Release|Any CPU.ActiveCfg = Release|Any CPU
		{34F05851-A691-4C8D-B630-F8B63F0C818F}.Release|Any CPU.Build.0 = Release|Any CPU
		{A71C3607-D727-4346-989D-5DBCC3A93256}.Debug|Any CPU.ActiveCfg = Debug|Any CPU
		{A71C3607-D727-4346-989D-5DBCC3A93256}.Debug|Any CPU.Build.0 = Debug|Any CPU
		{A71C3607-D727-4346-989D-5DBCC3A93256}.Release|Any CPU.ActiveCfg = Release|Any CPU
		{A71C3607-D727-4346-989D-5DBCC3A93256}.Release|Any CPU.Build.0 = Release|Any CPU
		{9DB0CCA7-2D14-4312-A24A-A633C36CA541}.Debug|Any CPU.ActiveCfg = Debug|Any CPU
		{9DB0CCA7-2D14-4312-A24A-A633C36CA541}.Debug|Any CPU.Build.0 = Debug|Any CPU
		{9DB0CCA7-2D14-4312-A24A-A633C36CA541}.Release|Any CPU.ActiveCfg = Release|Any CPU
		{9DB0CCA7-2D14-4312-A24A-A633C36CA541}.Release|Any CPU.Build.0 = Release|Any CPU
		{5E490FE4-6DA8-4FE5-B8FB-E0AD5F856008}.Debug|Any CPU.ActiveCfg = Debug|Any CPU
		{5E490FE4-6DA8-4FE5-B8FB-E0AD5F856008}.Debug|Any CPU.Build.0 = Debug|Any CPU
		{5E490FE4-6DA8-4FE5-B8FB-E0AD5F856008}.Release|Any CPU.ActiveCfg = Release|Any CPU
		{5E490FE4-6DA8-4FE5-B8FB-E0AD5F856008}.Release|Any CPU.Build.0 = Release|Any CPU
		{8661CC9A-8CD9-4A40-900D-054EC06D0B93}.Debug|Any CPU.ActiveCfg = Debug|Any CPU
		{8661CC9A-8CD9-4A40-900D-054EC06D0B93}.Debug|Any CPU.Build.0 = Debug|Any CPU
		{8661CC9A-8CD9-4A40-900D-054EC06D0B93}.Release|Any CPU.ActiveCfg = Release|Any CPU
		{8661CC9A-8CD9-4A40-900D-054EC06D0B93}.Release|Any CPU.Build.0 = Release|Any CPU
		{0D33614C-71E5-44BB-8307-A6075D62DC1C}.Debug|Any CPU.ActiveCfg = Debug|Any CPU
		{0D33614C-71E5-44BB-8307-A6075D62DC1C}.Debug|Any CPU.Build.0 = Debug|Any CPU
		{0D33614C-71E5-44BB-8307-A6075D62DC1C}.Release|Any CPU.ActiveCfg = Release|Any CPU
		{0D33614C-71E5-44BB-8307-A6075D62DC1C}.Release|Any CPU.Build.0 = Release|Any CPU
		{8E770EBA-E529-489F-9B7C-16EB9F1F305C}.Debug|Any CPU.ActiveCfg = Debug|Any CPU
		{8E770EBA-E529-489F-9B7C-16EB9F1F305C}.Debug|Any CPU.Build.0 = Debug|Any CPU
		{8E770EBA-E529-489F-9B7C-16EB9F1F305C}.Release|Any CPU.ActiveCfg = Release|Any CPU
		{8E770EBA-E529-489F-9B7C-16EB9F1F305C}.Release|Any CPU.Build.0 = Release|Any CPU
		{126F7179-DBDD-4563-99B5-BC567E2F5A81}.Debug|Any CPU.ActiveCfg = Debug|Any CPU
		{126F7179-DBDD-4563-99B5-BC567E2F5A81}.Debug|Any CPU.Build.0 = Debug|Any CPU
		{126F7179-DBDD-4563-99B5-BC567E2F5A81}.Release|Any CPU.ActiveCfg = Release|Any CPU
		{126F7179-DBDD-4563-99B5-BC567E2F5A81}.Release|Any CPU.Build.0 = Release|Any CPU
		{EE9D7EF2-9071-43F6-9473-6A7A28A4E25E}.Debug|Any CPU.ActiveCfg = Debug|Any CPU
		{EE9D7EF2-9071-43F6-9473-6A7A28A4E25E}.Debug|Any CPU.Build.0 = Debug|Any CPU
		{EE9D7EF2-9071-43F6-9473-6A7A28A4E25E}.Release|Any CPU.ActiveCfg = Release|Any CPU
		{EE9D7EF2-9071-43F6-9473-6A7A28A4E25E}.Release|Any CPU.Build.0 = Release|Any CPU
		{3560177B-8AE1-4C4B-95B5-FBAC336D61D5}.Debug|Any CPU.ActiveCfg = Debug|Any CPU
		{3560177B-8AE1-4C4B-95B5-FBAC336D61D5}.Debug|Any CPU.Build.0 = Debug|Any CPU
		{3560177B-8AE1-4C4B-95B5-FBAC336D61D5}.Release|Any CPU.ActiveCfg = Release|Any CPU
		{3560177B-8AE1-4C4B-95B5-FBAC336D61D5}.Release|Any CPU.Build.0 = Release|Any CPU
		{323EBC4B-FC7C-49E1-830A-F5AA96D8059D}.Debug|Any CPU.ActiveCfg = Debug|Any CPU
		{323EBC4B-FC7C-49E1-830A-F5AA96D8059D}.Debug|Any CPU.Build.0 = Debug|Any CPU
		{323EBC4B-FC7C-49E1-830A-F5AA96D8059D}.Release|Any CPU.ActiveCfg = Release|Any CPU
		{323EBC4B-FC7C-49E1-830A-F5AA96D8059D}.Release|Any CPU.Build.0 = Release|Any CPU
		{3F41EB45-BE3B-4E69-A4B0-347171E4E14C}.Debug|Any CPU.ActiveCfg = Debug|Any CPU
		{3F41EB45-BE3B-4E69-A4B0-347171E4E14C}.Debug|Any CPU.Build.0 = Debug|Any CPU
		{3F41EB45-BE3B-4E69-A4B0-347171E4E14C}.Release|Any CPU.ActiveCfg = Release|Any CPU
		{3F41EB45-BE3B-4E69-A4B0-347171E4E14C}.Release|Any CPU.Build.0 = Release|Any CPU
		{7689E818-1E18-4781-B86E-77760F33A9B3}.Debug|Any CPU.ActiveCfg = Debug|Any CPU
		{7689E818-1E18-4781-B86E-77760F33A9B3}.Debug|Any CPU.Build.0 = Debug|Any CPU
		{7689E818-1E18-4781-B86E-77760F33A9B3}.Release|Any CPU.ActiveCfg = Release|Any CPU
		{7689E818-1E18-4781-B86E-77760F33A9B3}.Release|Any CPU.Build.0 = Release|Any CPU
		{FB415E5B-B341-47CD-811D-F2E1C52B4042}.Debug|Any CPU.ActiveCfg = Debug|Any CPU
		{FB415E5B-B341-47CD-811D-F2E1C52B4042}.Debug|Any CPU.Build.0 = Debug|Any CPU
		{FB415E5B-B341-47CD-811D-F2E1C52B4042}.Release|Any CPU.ActiveCfg = Release|Any CPU
		{FB415E5B-B341-47CD-811D-F2E1C52B4042}.Release|Any CPU.Build.0 = Release|Any CPU
		{9F044913-CBA7-4136-82E4-F16C7BF0D190}.Debug|Any CPU.ActiveCfg = Debug|Any CPU
		{9F044913-CBA7-4136-82E4-F16C7BF0D190}.Debug|Any CPU.Build.0 = Debug|Any CPU
		{9F044913-CBA7-4136-82E4-F16C7BF0D190}.Release|Any CPU.ActiveCfg = Release|Any CPU
		{9F044913-CBA7-4136-82E4-F16C7BF0D190}.Release|Any CPU.Build.0 = Release|Any CPU
		{E4033F45-8A1D-4EAC-913B-FF467C36E749}.Debug|Any CPU.ActiveCfg = Debug|Any CPU
		{E4033F45-8A1D-4EAC-913B-FF467C36E749}.Debug|Any CPU.Build.0 = Debug|Any CPU
		{E4033F45-8A1D-4EAC-913B-FF467C36E749}.Release|Any CPU.ActiveCfg = Release|Any CPU
		{E4033F45-8A1D-4EAC-913B-FF467C36E749}.Release|Any CPU.Build.0 = Release|Any CPU
		{BFA44867-FD62-4F55-B0AD-DAF645930364}.Debug|Any CPU.ActiveCfg = Debug|Any CPU
		{BFA44867-FD62-4F55-B0AD-DAF645930364}.Debug|Any CPU.Build.0 = Debug|Any CPU
		{BFA44867-FD62-4F55-B0AD-DAF645930364}.Release|Any CPU.ActiveCfg = Release|Any CPU
		{BFA44867-FD62-4F55-B0AD-DAF645930364}.Release|Any CPU.Build.0 = Release|Any CPU
	EndGlobalSection
	GlobalSection(NestedProjects) = preSolution
		{6D1365B2-47F8-480E-9B3E-842D074C56EC} = {6B66033C-440C-40CE-8EFF-C90EA4BC85F4}
		{10411E3A-963A-4599-9A94-0BC1FD422453} = {6D1365B2-47F8-480E-9B3E-842D074C56EC}
		{8A44ABED-FF5C-4AA0-98DE-7468BA4CC85F} = {FA35593B-7934-4807-A7BE-2D8DD5038A83}
		{1E0D5C19-C427-4C19-821C-FCBBCB7A60C7} = {8A44ABED-FF5C-4AA0-98DE-7468BA4CC85F}
		{154E467B-CAE2-47F1-88F6-E131044EFD19} = {8A44ABED-FF5C-4AA0-98DE-7468BA4CC85F}
		{1738D425-5CDA-41EF-B14F-E7458F3E5193} = {8A44ABED-FF5C-4AA0-98DE-7468BA4CC85F}
		{AF2EBB84-4CB8-4834-94C5-A0E5BC273B92} = {8A44ABED-FF5C-4AA0-98DE-7468BA4CC85F}
		{FFBEB4F2-BDF1-4185-8C2D-4136D230EFD3} = {8A44ABED-FF5C-4AA0-98DE-7468BA4CC85F}
		{619ED7B7-C45E-4E42-B04B-75CB75551BBD} = {8A44ABED-FF5C-4AA0-98DE-7468BA4CC85F}
		{4FED037B-0563-4A27-AA0C-8C00E52CB124} = {8A44ABED-FF5C-4AA0-98DE-7468BA4CC85F}
		{82C2FE11-3E89-4F82-AF41-59B8F3222880} = {8A44ABED-FF5C-4AA0-98DE-7468BA4CC85F}
		{38CB925E-B666-47B4-A63E-AE023EAA2861} = {8A44ABED-FF5C-4AA0-98DE-7468BA4CC85F}
		{483FB5FA-2E8C-4295-9AED-A7901A4C543C} = {8A44ABED-FF5C-4AA0-98DE-7468BA4CC85F}
		{7710A217-03CF-4D65-A83D-8A0648B5C22A} = {8A44ABED-FF5C-4AA0-98DE-7468BA4CC85F}
		{34F05851-A691-4C8D-B630-F8B63F0C818F} = {8A44ABED-FF5C-4AA0-98DE-7468BA4CC85F}
		{A71C3607-D727-4346-989D-5DBCC3A93256} = {8A44ABED-FF5C-4AA0-98DE-7468BA4CC85F}
		{9DB0CCA7-2D14-4312-A24A-A633C36CA541} = {8A44ABED-FF5C-4AA0-98DE-7468BA4CC85F}
		{5E490FE4-6DA8-4FE5-B8FB-E0AD5F856008} = {8A44ABED-FF5C-4AA0-98DE-7468BA4CC85F}
		{8661CC9A-8CD9-4A40-900D-054EC06D0B93} = {8A44ABED-FF5C-4AA0-98DE-7468BA4CC85F}
		{0D33614C-71E5-44BB-8307-A6075D62DC1C} = {8A44ABED-FF5C-4AA0-98DE-7468BA4CC85F}
		{8E770EBA-E529-489F-9B7C-16EB9F1F305C} = {8A44ABED-FF5C-4AA0-98DE-7468BA4CC85F}
		{126F7179-DBDD-4563-99B5-BC567E2F5A81} = {8A44ABED-FF5C-4AA0-98DE-7468BA4CC85F}
		{EE9D7EF2-9071-43F6-9473-6A7A28A4E25E} = {8A44ABED-FF5C-4AA0-98DE-7468BA4CC85F}
		{3560177B-8AE1-4C4B-95B5-FBAC336D61D5} = {8A44ABED-FF5C-4AA0-98DE-7468BA4CC85F}
		{323EBC4B-FC7C-49E1-830A-F5AA96D8059D} = {8A44ABED-FF5C-4AA0-98DE-7468BA4CC85F}
		{3F41EB45-BE3B-4E69-A4B0-347171E4E14C} = {8A44ABED-FF5C-4AA0-98DE-7468BA4CC85F}
		{7689E818-1E18-4781-B86E-77760F33A9B3} = {8A44ABED-FF5C-4AA0-98DE-7468BA4CC85F}
		{FB415E5B-B341-47CD-811D-F2E1C52B4042} = {8A44ABED-FF5C-4AA0-98DE-7468BA4CC85F}
		{9F044913-CBA7-4136-82E4-F16C7BF0D190} = {8A44ABED-FF5C-4AA0-98DE-7468BA4CC85F}
		{E4033F45-8A1D-4EAC-913B-FF467C36E749} = {8A44ABED-FF5C-4AA0-98DE-7468BA4CC85F}
		{BFA44867-FD62-4F55-B0AD-DAF645930364} = {8A44ABED-FF5C-4AA0-98DE-7468BA4CC85F}
	EndGlobalSection
EndGlobal
